// !$*UTF8*$!
{
	archiveVersion = 1;
	classes = {
	};
	objectVersion = 48;
	objects = {

/* Begin PBXBuildFile section */
		C9211C831FA2C7A800B69C41 /* UseNSArray.m in Sources */ = {isa = PBXBuildFile; fileRef = C9211C7F1FA2C5F200B69C41 /* UseNSArray.m */; };
		C9211C851FA2D27200B69C41 /* main.m in Sources */ = {isa = PBXBuildFile; fileRef = C968DB661F9ED4FF00862695 /* main.m */; };
		C9211C8E1FA2E44100B69C41 /* AddressCard.m in Sources */ = {isa = PBXBuildFile; fileRef = C9211C8D1FA2E44100B69C41 /* AddressCard.m */; };
		C9211C911FA2E47F00B69C41 /* AddressBook.m in Sources */ = {isa = PBXBuildFile; fileRef = C9211C901FA2E47F00B69C41 /* AddressBook.m */; };
		C987A4191FA08A5F00442CBA /* UseNSNumber.m in Sources */ = {isa = PBXBuildFile; fileRef = C987A4181FA08A5F00442CBA /* UseNSNumber.m */; };
		C987A41C1FA08D6100442CBA /* UseNSString.m in Sources */ = {isa = PBXBuildFile; fileRef = C987A41B1FA08D6100442CBA /* UseNSString.m */; };
		C9E800EA1FADC3A800401FDE /* UseNSDictionary.m in Sources */ = {isa = PBXBuildFile; fileRef = C9E800E91FADC3A800401FDE /* UseNSDictionary.m */; };
		C9ECC4831FB9D0F400C81845 /* UseNSSet.m in Sources */ = {isa = PBXBuildFile; fileRef = C9ECC4821FB9D0F400C81845 /* UseNSSet.m */; };
/* End PBXBuildFile section */

/* Begin PBXCopyFilesBuildPhase section */
		C968DB611F9ED4FF00862695 /* CopyFiles */ = {
			isa = PBXCopyFilesBuildPhase;
			buildActionMask = 2147483647;
			dstPath = /usr/share/man/man1/;
			dstSubfolderSpec = 0;
			files = (
			);
			runOnlyForDeploymentPostprocessing = 1;
		};
/* End PBXCopyFilesBuildPhase section */

/* Begin PBXFileReference section */
		C9211C7F1FA2C5F200B69C41 /* UseNSArray.m */ = {isa = PBXFileReference; fileEncoding = 4; lastKnownFileType = sourcecode.c.objc; path = UseNSArray.m; sourceTree = "<group>"; };
		C9211C801FA2C5F200B69C41 /* UseNSArray.h */ = {isa = PBXFileReference; fileEncoding = 4; lastKnownFileType = sourcecode.c.h; path = UseNSArray.h; sourceTree = "<group>"; };
		C9211C8C1FA2E44100B69C41 /* AddressCard.h */ = {isa = PBXFileReference; lastKnownFileType = sourcecode.c.h; path = AddressCard.h; sourceTree = "<group>"; };
		C9211C8D1FA2E44100B69C41 /* AddressCard.m */ = {isa = PBXFileReference; lastKnownFileType = sourcecode.c.objc; path = AddressCard.m; sourceTree = "<group>"; };
		C9211C8F1FA2E47F00B69C41 /* AddressBook.h */ = {isa = PBXFileReference; lastKnownFileType = sourcecode.c.h; path = AddressBook.h; sourceTree = "<group>"; };
		C9211C901FA2E47F00B69C41 /* AddressBook.m */ = {isa = PBXFileReference; lastKnownFileType = sourcecode.c.objc; path = AddressBook.m; sourceTree = "<group>"; };
		C968DB631F9ED4FF00862695 /* learnfoundation */ = {isa = PBXFileReference; explicitFileType = "compiled.mach-o.executable"; includeInIndex = 0; path = learnfoundation; sourceTree = BUILT_PRODUCTS_DIR; };
		C968DB661F9ED4FF00862695 /* main.m */ = {isa = PBXFileReference; lastKnownFileType = sourcecode.c.objc; path = main.m; sourceTree = "<group>"; };
		C987A4171FA08A5F00442CBA /* UseNSNumber.h */ = {isa = PBXFileReference; lastKnownFileType = sourcecode.c.h; path = UseNSNumber.h; sourceTree = "<group>"; };
		C987A4181FA08A5F00442CBA /* UseNSNumber.m */ = {isa = PBXFileReference; lastKnownFileType = sourcecode.c.objc; path = UseNSNumber.m; sourceTree = "<group>"; };
		C987A41A1FA08D6100442CBA /* UseNSString.h */ = {isa = PBXFileReference; lastKnownFileType = sourcecode.c.h; path = UseNSString.h; sourceTree = "<group>"; };
		C987A41B1FA08D6100442CBA /* UseNSString.m */ = {isa = PBXFileReference; lastKnownFileType = sourcecode.c.objc; path = UseNSString.m; sourceTree = "<group>"; };
		C9E800E81FADC3A800401FDE /* UseNSDictionary.h */ = {isa = PBXFileReference; lastKnownFileType = sourcecode.c.h; path = UseNSDictionary.h; sourceTree = "<group>"; };
		C9E800E91FADC3A800401FDE /* UseNSDictionary.m */ = {isa = PBXFileReference; lastKnownFileType = sourcecode.c.objc; path = UseNSDictionary.m; sourceTree = "<group>"; };
		C9ECC4811FB9D0F400C81845 /* UseNSSet.h */ = {isa = PBXFileReference; lastKnownFileType = sourcecode.c.h; path = UseNSSet.h; sourceTree = "<group>"; };
		C9ECC4821FB9D0F400C81845 /* UseNSSet.m */ = {isa = PBXFileReference; lastKnownFileType = sourcecode.c.objc; path = UseNSSet.m; sourceTree = "<group>"; };
/* End PBXFileReference section */

/* Begin PBXFrameworksBuildPhase section */
		C968DB601F9ED4FF00862695 /* Frameworks */ = {
			isa = PBXFrameworksBuildPhase;
			buildActionMask = 2147483647;
			files = (
			);
			runOnlyForDeploymentPostprocessing = 0;
		};
/* End PBXFrameworksBuildPhase section */

/* Begin PBXGroup section */
		C968DB5A1F9ED4FF00862695 = {
			isa = PBXGroup;
			children = (
				C968DB651F9ED4FF00862695 /* learnfoundation */,
				C968DB641F9ED4FF00862695 /* Products */,
			);
			sourceTree = "<group>";
		};
		C968DB641F9ED4FF00862695 /* Products */ = {
			isa = PBXGroup;
			children = (
				C968DB631F9ED4FF00862695 /* learnfoundation */,
			);
			name = Products;
			sourceTree = "<group>";
		};
		C968DB651F9ED4FF00862695 /* learnfoundation */ = {
			isa = PBXGroup;
			children = (
				C9211C801FA2C5F200B69C41 /* UseNSArray.h */,
				C9211C8C1FA2E44100B69C41 /* AddressCard.h */,
				C9211C8D1FA2E44100B69C41 /* AddressCard.m */,
				C9211C7F1FA2C5F200B69C41 /* UseNSArray.m */,
				C968DB661F9ED4FF00862695 /* main.m */,
				C987A4171FA08A5F00442CBA /* UseNSNumber.h */,
				C987A4181FA08A5F00442CBA /* UseNSNumber.m */,
				C987A41A1FA08D6100442CBA /* UseNSString.h */,
				C987A41B1FA08D6100442CBA /* UseNSString.m */,
				C9211C8F1FA2E47F00B69C41 /* AddressBook.h */,
				C9211C901FA2E47F00B69C41 /* AddressBook.m */,
				C9E800E81FADC3A800401FDE /* UseNSDictionary.h */,
				C9E800E91FADC3A800401FDE /* UseNSDictionary.m */,
				C9ECC4811FB9D0F400C81845 /* UseNSSet.h */,
				C9ECC4821FB9D0F400C81845 /* UseNSSet.m */,
			);
			path = learnfoundation;
			sourceTree = "<group>";
		};
/* End PBXGroup section */

/* Begin PBXNativeTarget section */
		C968DB621F9ED4FF00862695 /* learnfoundation */ = {
			isa = PBXNativeTarget;
			buildConfigurationList = C968DB6A1F9ED4FF00862695 /* Build configuration list for PBXNativeTarget "learnfoundation" */;
			buildPhases = (
				C968DB5F1F9ED4FF00862695 /* Sources */,
				C968DB601F9ED4FF00862695 /* Frameworks */,
				C968DB611F9ED4FF00862695 /* CopyFiles */,
			);
			buildRules = (
			);
			dependencies = (
			);
			name = learnfoundation;
			productName = learnfoundation;
			productReference = C968DB631F9ED4FF00862695 /* learnfoundation */;
			productType = "com.apple.product-type.tool";
		};
/* End PBXNativeTarget section */

/* Begin PBXProject section */
		C968DB5B1F9ED4FF00862695 /* Project object */ = {
			isa = PBXProject;
			attributes = {
				LastUpgradeCheck = 0900;
				ORGANIZATIONNAME = lizhufeng;
				TargetAttributes = {
					C968DB621F9ED4FF00862695 = {
						CreatedOnToolsVersion = 9.0.1;
						ProvisioningStyle = Automatic;
					};
				};
			};
			buildConfigurationList = C968DB5E1F9ED4FF00862695 /* Build configuration list for PBXProject "learnfoundation" */;
			compatibilityVersion = "Xcode 8.0";
			developmentRegion = en;
			hasScannedForEncodings = 0;
			knownRegions = (
				en,
			);
			mainGroup = C968DB5A1F9ED4FF00862695;
			productRefGroup = C968DB641F9ED4FF00862695 /* Products */;
			projectDirPath = "";
			projectRoot = "";
			targets = (
				C968DB621F9ED4FF00862695 /* learnfoundation */,
			);
		};
/* End PBXProject section */

/* Begin PBXSourcesBuildPhase section */
		C968DB5F1F9ED4FF00862695 /* Sources */ = {
			isa = PBXSourcesBuildPhase;
			buildActionMask = 2147483647;
			files = (
				C9211C851FA2D27200B69C41 /* main.m in Sources */,
				C9211C831FA2C7A800B69C41 /* UseNSArray.m in Sources */,
				C987A4191FA08A5F00442CBA /* UseNSNumber.m in Sources */,
				C9E800EA1FADC3A800401FDE /* UseNSDictionary.m in Sources */,
				C9211C911FA2E47F00B69C41 /* AddressBook.m in Sources */,
				C9211C8E1FA2E44100B69C41 /* AddressCard.m in Sources */,
				C987A41C1FA08D6100442CBA /* UseNSString.m in Sources */,
				C9ECC4831FB9D0F400C81845 /* UseNSSet.m in Sources */,
			);
			runOnlyForDeploymentPostprocessing = 0;
		};
/* End PBXSourcesBuildPhase section */

/* Begin XCBuildConfiguration section */
		C968DB681F9ED4FF00862695 /* Debug */ = {
			isa = XCBuildConfiguration;
			buildSettings = {
				ALWAYS_SEARCH_USER_PATHS = NO;
				CLANG_ANALYZER_NONNULL = YES;
				CLANG_ANALYZER_NUMBER_OBJECT_CONVERSION = YES_AGGRESSIVE;
				CLANG_CXX_LANGUAGE_STANDARD = "gnu++14";
				CLANG_CXX_LIBRARY = "libc++";
				CLANG_ENABLE_MODULES = YES;
				CLANG_ENABLE_OBJC_ARC = YES;
				CLANG_WARN_BLOCK_CAPTURE_AUTORELEASING = YES;
				CLANG_WARN_BOOL_CONVERSION = YES;
				CLANG_WARN_COMMA = YES;
				CLANG_WARN_CONSTANT_CONVERSION = YES;
				CLANG_WARN_DIRECT_OBJC_ISA_USAGE = YES_ERROR;
				CLANG_WARN_DOCUMENTATION_COMMENTS = YES;
				CLANG_WARN_EMPTY_BODY = YES;
				CLANG_WARN_ENUM_CONVERSION = YES;
				CLANG_WARN_INFINITE_RECURSION = YES;
				CLANG_WARN_INT_CONVERSION = YES;
				CLANG_WARN_NON_LITERAL_NULL_CONVERSION = YES;
				CLANG_WARN_OBJC_LITERAL_CONVERSION = YES;
				CLANG_WARN_OBJC_ROOT_CLASS = YES_ERROR;
				CLANG_WARN_RANGE_LOOP_ANALYSIS = YES;
				CLANG_WARN_STRICT_PROTOTYPES = YES;
				CLANG_WARN_SUSPICIOUS_MOVE = YES;
				CLANG_WARN_UNGUARDED_AVAILABILITY = YES_AGGRESSIVE;
				CLANG_WARN_UNREACHABLE_CODE = YES;
				CLANG_WARN__DUPLICATE_METHOD_MATCH = YES;
				CODE_SIGN_IDENTITY = "-";
				COPY_PHASE_STRIP = NO;
				DEBUG_INFORMATION_FORMAT = dwarf;
				ENABLE_STRICT_OBJC_MSGSEND = YES;
				ENABLE_TESTABILITY = YES;
				GCC_C_LANGUAGE_STANDARD = gnu11;
				GCC_DYNAMIC_NO_PIC = NO;
				GCC_NO_COMMON_BLOCKS = YES;
				GCC_OPTIMIZATION_LEVEL = 0;
				GCC_PREPROCESSOR_DEFINITIONS = (
					"DEBUG=1",
					"$(inherited)",
				);
				GCC_WARN_64_TO_32_BIT_CONVERSION = YES;
				GCC_WARN_ABOUT_RETURN_TYPE = YES_ERROR;
				GCC_WARN_UNDECLARED_SELECTOR = YES;
				GCC_WARN_UNINITIALIZED_AUTOS = YES_AGGRESSIVE;
				GCC_WARN_UNUSED_FUNCTION = YES;
				GCC_WARN_UNUSED_VARIABLE = YES;
				MACOSX_DEPLOYMENT_TARGET = 10.12;
				MTL_ENABLE_DEBUG_INFO = YES;
				ONLY_ACTIVE_ARCH = YES;
				SDKROOT = macosx;
			};
			name = Debug;
		};
		C968DB691F9ED4FF00862695 /* Release */ = {
			isa = XCBuildConfiguration;
			buildSettings = {
				ALWAYS_SEARCH_USER_PATHS = NO;
				CLANG_ANALYZER_NONNULL = YES;
				CLANG_ANALYZER_NUMBER_OBJECT_CONVERSION = YES_AGGRESSIVE;
				CLANG_CXX_LANGUAGE_STANDARD = "gnu++14";
				CLANG_CXX_LIBRARY = "libc++";
				CLANG_ENABLE_MODULES = YES;
				CLANG_ENABLE_OBJC_ARC = YES;
				CLANG_WARN_BLOCK_CAPTURE_AUTORELEASING = YES;
				CLANG_WARN_BOOL_CONVERSION = YES;
				CLANG_WARN_COMMA = YES;
				CLANG_WARN_CONSTANT_CONVERSION = YES;
				CLANG_WARN_DIRECT_OBJC_ISA_USAGE = YES_ERROR;
				CLANG_WARN_DOCUMENTATION_COMMENTS = YES;
				CLANG_WARN_EMPTY_BODY = YES;
				CLANG_WARN_ENUM_CONVERSION = YES;
				CLANG_WARN_INFINITE_RECURSION = YES;
				CLANG_WARN_INT_CONVERSION = YES;
				CLANG_WARN_NON_LITERAL_NULL_CONVERSION = YES;
				CLANG_WARN_OBJC_LITERAL_CONVERSION = YES;
				CLANG_WARN_OBJC_ROOT_CLASS = YES_ERROR;
				CLANG_WARN_RANGE_LOOP_ANALYSIS = YES;
				CLANG_WARN_STRICT_PROTOTYPES = YES;
				CLANG_WARN_SUSPICIOUS_MOVE = YES;
				CLANG_WARN_UNGUARDED_AVAILABILITY = YES_AGGRESSIVE;
				CLANG_WARN_UNREACHABLE_CODE = YES;
				CLANG_WARN__DUPLICATE_METHOD_MATCH = YES;
				CODE_SIGN_IDENTITY = "-";
				COPY_PHASE_STRIP = NO;
				DEBUG_INFORMATION_FORMAT = "dwarf-with-dsym";
				ENABLE_NS_ASSERTIONS = NO;
				ENABLE_STRICT_OBJC_MSGSEND = YES;
				GCC_C_LANGUAGE_STANDARD = gnu11;
				GCC_NO_COMMON_BLOCKS = YES;
				GCC_WARN_64_TO_32_BIT_CONVERSION = YES;
				GCC_WARN_ABOUT_RETURN_TYPE = YES_ERROR;
				GCC_WARN_UNDECLARED_SELECTOR = YES;
				GCC_WARN_UNINITIALIZED_AUTOS = YES_AGGRESSIVE;
				GCC_WARN_UNUSED_FUNCTION = YES;
				GCC_WARN_UNUSED_VARIABLE = YES;
				MACOSX_DEPLOYMENT_TARGET = 10.12;
				MTL_ENABLE_DEBUG_INFO = NO;
				SDKROOT = macosx;
			};
			name = Release;
		};
		C968DB6B1F9ED4FF00862695 /* Debug */ = {
			isa = XCBuildConfiguration;
			buildSettings = {
				CODE_SIGN_STYLE = Automatic;
				PRODUCT_NAME = "$(TARGET_NAME)";
			};
			name = Debug;
		};
		C968DB6C1F9ED4FF00862695 /* Release */ = {
			isa = XCBuildConfiguration;
			buildSettings = {
				CODE_SIGN_STYLE = Automatic;
				PRODUCT_NAME = "$(TARGET_NAME)";
			};
			name = Release;
		};
/* End XCBuildConfiguration section */

/* Begin XCConfigurationList section */
		C968DB5E1F9ED4FF00862695 /* Build configuration list for PBXProject "learnfoundation" */ = {
			isa = XCConfigurationList;
			buildConfigurations = (
				C968DB681F9ED4FF00862695 /* Debug */,
				C968DB691F9ED4FF00862695 /* Release */,
			);
			defaultConfigurationIsVisible = 0;
			defaultConfigurationName = Release;
		};
		C968DB6A1F9ED4FF00862695 /* Build configuration list for PBXNativeTarget "learnfoundation" */ = {
			isa = XCConfigurationList;
			buildConfigurations = (
				C968DB6B1F9ED4FF00862695 /* Debug */,
				C968DB6C1F9ED4FF00862695 /* Release */,
			);
			defaultConfigurationIsVisible = 0;
			defaultConfigurationName = Release;
		};
/* End XCConfigurationList section */
	};
	rootObject = C968DB5B1F9ED4FF00862695 /* Project object */;
}
